
Microsoft Visual Studio Solution File, Format Version 12.00
# Visual Studio Version 17
VisualStudioVersion = 17.7.34024.191
MinimumVisualStudioVersion = 10.0.40219.1
Project("{FAE04EC0-301F-11D3-BF4B-00C04F79EFBC}") = "Euclid", "Euclid\Euclid.csproj", "{20A82EB2-4C10-4BD3-86B9-7569F19D5B7F}"
EndProject
Project("{FAE04EC0-301F-11D3-BF4B-00C04F79EFBC}") = "EuclidConsole", "EuclidConsole\EuclidConsole.csproj", "{A10A8536-CB49-42F8-9808-16CAFF4CE030}"
EndProject
Project("{FAE04EC0-301F-11D3-BF4B-00C04F79EFBC}") = "Euclid.UnitTests", "Euclid.UnitTests\Euclid.UnitTests.csproj", "{0DAD7C9F-CEDC-4E0F-ACF9-7C07953A8F63}"
EndProject
Global
	GlobalSection(SolutionConfigurationPlatforms) = preSolution
		Debug|Any CPU = Debug|Any CPU
		Release|Any CPU = Release|Any CPU
	EndGlobalSection
	GlobalSection(ProjectConfigurationPlatforms) = postSolution
		{20A82EB2-4C10-4BD3-86B9-7569F19D5B7F}.Debug|Any CPU.ActiveCfg = Debug|Any CPU
		{20A82EB2-4C10-4BD3-86B9-7569F19D5B7F}.Debug|Any CPU.Build.0 = Debug|Any CPU
		{20A82EB2-4C10-4BD3-86B9-7569F19D5B7F}.Release|Any CPU.ActiveCfg = Release|Any CPU
		{20A82EB2-4C10-4BD3-86B9-7569F19D5B7F}.Release|Any CPU.Build.0 = Release|Any CPU
		{A10A8536-CB49-42F8-9808-16CAFF4CE030}.Debug|Any CPU.ActiveCfg = Debug|Any CPU
		{A10A8536-CB49-42F8-9808-16CAFF4CE030}.Debug|Any CPU.Build.0 = Debug|Any CPU
		{A10A8536-CB49-42F8-9808-16CAFF4CE030}.Release|Any CPU.ActiveCfg = Release|Any CPU
		{A10A8536-CB49-42F8-9808-16CAFF4CE030}.Release|Any CPU.Build.0 = Release|Any CPU
		{0DAD7C9F-CEDC-4E0F-ACF9-7C07953A8F63}.Debug|Any CPU.ActiveCfg = Debug|Any CPU
		{0DAD7C9F-CEDC-4E0F-ACF9-7C07953A8F63}.Debug|Any CPU.Build.0 = Debug|Any CPU
		{0DAD7C9F-CEDC-4E0F-ACF9-7C07953A8F63}.Release|Any CPU.ActiveCfg = Release|Any CPU
		{0DAD7C9F-CEDC-4E0F-ACF9-7C07953A8F63}.Release|Any CPU.Build.0 = Release|Any CPU
	EndGlobalSection
	GlobalSection(SolutionProperties) = preSolution
		HideSolutionNode = FALSE
	EndGlobalSection
	GlobalSection(ExtensibilityGlobals) = postSolution
		SolutionGuid = {7DE6F5CE-1B8A-4D5A-A476-73FB81D9AF72}
	EndGlobalSection
EndGlobal
