
Microsoft Visual Studio Solution File, Format Version 12.00
# Visual Studio Version 17
VisualStudioVersion = 17.7.34024.191
MinimumVisualStudioVersion = 10.0.40219.1
Project("{FAE04EC0-301F-11D3-BF4B-00C04F79EFBC}") = "homework8-1", "homework8-1\homework8-1.csproj", "{6AAFA5F5-DF69-4924-9823-5A29B5E6BC3E}"
EndProject
Global
	GlobalSection(SolutionConfigurationPlatforms) = preSolution
		Debug|Any CPU = Debug|Any CPU
		Release|Any CPU = Release|Any CPU
	EndGlobalSection
	GlobalSection(ProjectConfigurationPlatforms) = postSolution
		{6AAFA5F5-DF69-4924-9823-5A29B5E6BC3E}.Debug|Any CPU.ActiveCfg = Debug|Any CPU
		{6AAFA5F5-DF69-4924-9823-5A29B5E6BC3E}.Debug|Any CPU.Build.0 = Debug|Any CPU
		{6AAFA5F5-DF69-4924-9823-5A29B5E6BC3E}.Release|Any CPU.ActiveCfg = Release|Any CPU
		{6AAFA5F5-DF69-4924-9823-5A29B5E6BC3E}.Release|Any CPU.Build.0 = Release|Any CPU
	EndGlobalSection
	GlobalSection(SolutionProperties) = preSolution
		HideSolutionNode = FALSE
	EndGlobalSection
	GlobalSection(ExtensibilityGlobals) = postSolution
		SolutionGuid = {1F8F9929-744D-4206-A7DE-240314280B38}
	EndGlobalSection
EndGlobal
