
Microsoft Visual Studio Solution File, Format Version 12.00
# Visual Studio Version 17
VisualStudioVersion = 17.7.34024.191
MinimumVisualStudioVersion = 10.0.40219.1
Project("{FAE04EC0-301F-11D3-BF4B-00C04F79EFBC}") = "MobileLibrary", "MobileLibrary\MobileLibrary.csproj", "{23E65AA6-4D2C-4D9D-A36F-79257A0462AE}"
EndProject
Project("{FAE04EC0-301F-11D3-BF4B-00C04F79EFBC}") = "MobileLibrary.UnitTests", "MobileLibrary.UnitTests\MobileLibrary.UnitTests.csproj", "{63B258D9-477A-461A-BF5D-D081490936D0}"
EndProject
Global
	GlobalSection(SolutionConfigurationPlatforms) = preSolution
		Debug|Any CPU = Debug|Any CPU
		Release|Any CPU = Release|Any CPU
	EndGlobalSection
	GlobalSection(ProjectConfigurationPlatforms) = postSolution
		{23E65AA6-4D2C-4D9D-A36F-79257A0462AE}.Debug|Any CPU.ActiveCfg = Debug|Any CPU
		{23E65AA6-4D2C-4D9D-A36F-79257A0462AE}.Debug|Any CPU.Build.0 = Debug|Any CPU
		{23E65AA6-4D2C-4D9D-A36F-79257A0462AE}.Release|Any CPU.ActiveCfg = Release|Any CPU
		{23E65AA6-4D2C-4D9D-A36F-79257A0462AE}.Release|Any CPU.Build.0 = Release|Any CPU
		{63B258D9-477A-461A-BF5D-D081490936D0}.Debug|Any CPU.ActiveCfg = Debug|Any CPU
		{63B258D9-477A-461A-BF5D-D081490936D0}.Debug|Any CPU.Build.0 = Debug|Any CPU
		{63B258D9-477A-461A-BF5D-D081490936D0}.Release|Any CPU.ActiveCfg = Release|Any CPU
		{63B258D9-477A-461A-BF5D-D081490936D0}.Release|Any CPU.Build.0 = Release|Any CPU
	EndGlobalSection
	GlobalSection(SolutionProperties) = preSolution
		HideSolutionNode = FALSE
	EndGlobalSection
	GlobalSection(ExtensibilityGlobals) = postSolution
		SolutionGuid = {F25D54CB-406F-43D1-B330-22B17445C9BD}
	EndGlobalSection
EndGlobal
