
Microsoft Visual Studio Solution File, Format Version 12.00
# Visual Studio Version 17
VisualStudioVersion = 17.7.34024.191
MinimumVisualStudioVersion = 10.0.40219.1
Project("{FAE04EC0-301F-11D3-BF4B-00C04F79EFBC}") = "homework-22", "homework-22\homework-22.csproj", "{F6979AAB-94AF-43ED-B162-8BF6B5695E88}"
EndProject
Global
	GlobalSection(SolutionConfigurationPlatforms) = preSolution
		Debug|Any CPU = Debug|Any CPU
		Release|Any CPU = Release|Any CPU
	EndGlobalSection
	GlobalSection(ProjectConfigurationPlatforms) = postSolution
		{F6979AAB-94AF-43ED-B162-8BF6B5695E88}.Debug|Any CPU.ActiveCfg = Debug|Any CPU
		{F6979AAB-94AF-43ED-B162-8BF6B5695E88}.Debug|Any CPU.Build.0 = Debug|Any CPU
		{F6979AAB-94AF-43ED-B162-8BF6B5695E88}.Release|Any CPU.ActiveCfg = Release|Any CPU
		{F6979AAB-94AF-43ED-B162-8BF6B5695E88}.Release|Any CPU.Build.0 = Release|Any CPU
	EndGlobalSection
	GlobalSection(SolutionProperties) = preSolution
		HideSolutionNode = FALSE
	EndGlobalSection
	GlobalSection(ExtensibilityGlobals) = postSolution
		SolutionGuid = {3A9F05A1-1DBF-459D-9025-E404462A11E9}
	EndGlobalSection
EndGlobal
