
Microsoft Visual Studio Solution File, Format Version 12.00
# Visual Studio Version 17
VisualStudioVersion = 17.7.34024.191
MinimumVisualStudioVersion = 10.0.40219.1
Project("{FAE04EC0-301F-11D3-BF4B-00C04F79EFBC}") = "homework-1", "homework-1\homework-1.csproj", "{C967C20A-7347-47D0-975B-726BBFFE3593}"
EndProject
Global
	GlobalSection(SolutionConfigurationPlatforms) = preSolution
		Debug|Any CPU = Debug|Any CPU
		Release|Any CPU = Release|Any CPU
	EndGlobalSection
	GlobalSection(ProjectConfigurationPlatforms) = postSolution
		{C967C20A-7347-47D0-975B-726BBFFE3593}.Debug|Any CPU.ActiveCfg = Debug|Any CPU
		{C967C20A-7347-47D0-975B-726BBFFE3593}.Debug|Any CPU.Build.0 = Debug|Any CPU
		{C967C20A-7347-47D0-975B-726BBFFE3593}.Release|Any CPU.ActiveCfg = Release|Any CPU
		{C967C20A-7347-47D0-975B-726BBFFE3593}.Release|Any CPU.Build.0 = Release|Any CPU
	EndGlobalSection
	GlobalSection(SolutionProperties) = preSolution
		HideSolutionNode = FALSE
	EndGlobalSection
	GlobalSection(ExtensibilityGlobals) = postSolution
		SolutionGuid = {A12F3703-7D4A-4968-A248-6215602D51D0}
	EndGlobalSection
EndGlobal
