
Microsoft Visual Studio Solution File, Format Version 12.00
# Visual Studio Version 17
VisualStudioVersion = 17.7.34024.191
MinimumVisualStudioVersion = 10.0.40219.1
Project("{FAE04EC0-301F-11D3-BF4B-00C04F79EFBC}") = "homework6", "homework6\homework6.csproj", "{A9C65444-1E26-4416-BB03-7A0F016E59CF}"
EndProject
Global
	GlobalSection(SolutionConfigurationPlatforms) = preSolution
		Debug|Any CPU = Debug|Any CPU
		Release|Any CPU = Release|Any CPU
	EndGlobalSection
	GlobalSection(ProjectConfigurationPlatforms) = postSolution
		{A9C65444-1E26-4416-BB03-7A0F016E59CF}.Debug|Any CPU.ActiveCfg = Debug|Any CPU
		{A9C65444-1E26-4416-BB03-7A0F016E59CF}.Debug|Any CPU.Build.0 = Debug|Any CPU
		{A9C65444-1E26-4416-BB03-7A0F016E59CF}.Release|Any CPU.ActiveCfg = Release|Any CPU
		{A9C65444-1E26-4416-BB03-7A0F016E59CF}.Release|Any CPU.Build.0 = Release|Any CPU
	EndGlobalSection
	GlobalSection(SolutionProperties) = preSolution
		HideSolutionNode = FALSE
	EndGlobalSection
	GlobalSection(ExtensibilityGlobals) = postSolution
		SolutionGuid = {94A3F196-8838-48D6-8B85-D3AEE6B2A4E8}
	EndGlobalSection
EndGlobal
